// !$*UTF8*$!
{
	archiveVersion = 1;
	classes = {
	};
	objectVersion = 56;
	objects = {

/* Begin PBXBuildFile section */
		B100C8752B6C154500B2D89B /* Word_SwipeApp.swift in Sources */ = {isa = PBXBuildFile; fileRef = B100C8742B6C154500B2D89B /* Word_SwipeApp.swift */; };
		B100C8772B6C154500B2D89B /* ContentView.swift in Sources */ = {isa = PBXBuildFile; fileRef = B100C8762B6C154500B2D89B /* ContentView.swift */; };
		B100C8792B6C154600B2D89B /* Assets.xcassets in Resources */ = {isa = PBXBuildFile; fileRef = B100C8782B6C154600B2D89B /* Assets.xcassets */; };
		B100C87D2B6C154600B2D89B /* Preview Assets.xcassets in Resources */ = {isa = PBXBuildFile; fileRef = B100C87C2B6C154600B2D89B /* Preview Assets.xcassets */; };
		B100C8872B6C154600B2D89B /* Word_SwipeTests.swift in Sources */ = {isa = PBXBuildFile; fileRef = B100C8862B6C154600B2D89B /* Word_SwipeTests.swift */; };
		B100C8912B6C154600B2D89B /* Word_SwipeUITests.swift in Sources */ = {isa = PBXBuildFile; fileRef = B100C8902B6C154600B2D89B /* Word_SwipeUITests.swift */; };
		B100C8932B6C154600B2D89B /* Word_SwipeUITestsLaunchTests.swift in Sources */ = {isa = PBXBuildFile; fileRef = B100C8922B6C154600B2D89B /* Word_SwipeUITestsLaunchTests.swift */; };
/* End PBXBuildFile section */

/* Begin PBXContainerItemProxy section */
		B100C8832B6C154600B2D89B /* PBXContainerItemProxy */ = {
			isa = PBXContainerItemProxy;
			containerPortal = B100C8692B6C154500B2D89B /* Project object */;
			proxyType = 1;
			remoteGlobalIDString = B100C8702B6C154500B2D89B;
			remoteInfo = "Word Swipe";
		};
		B100C88D2B6C154600B2D89B /* PBXContainerItemProxy */ = {
			isa = PBXContainerItemProxy;
			containerPortal = B100C8692B6C154500B2D89B /* Project object */;
			proxyType = 1;
			remoteGlobalIDString = B100C8702B6C154500B2D89B;
			remoteInfo = "Word Swipe";
		};
/* End PBXContainerItemProxy section */

/* Begin PBXFileReference section */
		B100C8712B6C154500B2D89B /* Word Swipe.app */ = {isa = PBXFileReference; explicitFileType = wrapper.application; includeInIndex = 0; path = "Word Swipe.app"; sourceTree = BUILT_PRODUCTS_DIR; };
		B100C8742B6C154500B2D89B /* Word_SwipeApp.swift */ = {isa = PBXFileReference; lastKnownFileType = sourcecode.swift; path = Word_SwipeApp.swift; sourceTree = "<group>"; };
		B100C8762B6C154500B2D89B /* ContentView.swift */ = {isa = PBXFileReference; lastKnownFileType = sourcecode.swift; path = ContentView.swift; sourceTree = "<group>"; };
		B100C8782B6C154600B2D89B /* Assets.xcassets */ = {isa = PBXFileReference; lastKnownFileType = folder.assetcatalog; path = Assets.xcassets; sourceTree = "<group>"; };
		B100C87A2B6C154600B2D89B /* Word_Swipe.entitlements */ = {isa = PBXFileReference; lastKnownFileType = text.plist.entitlements; path = Word_Swipe.entitlements; sourceTree = "<group>"; };
		B100C87C2B6C154600B2D89B /* Preview Assets.xcassets */ = {isa = PBXFileReference; lastKnownFileType = folder.assetcatalog; path = "Preview Assets.xcassets"; sourceTree = "<group>"; };
		B100C8822B6C154600B2D89B /* Word SwipeTests.xctest */ = {isa = PBXFileReference; explicitFileType = wrapper.cfbundle; includeInIndex = 0; path = "Word SwipeTests.xctest"; sourceTree = BUILT_PRODUCTS_DIR; };
		B100C8862B6C154600B2D89B /* Word_SwipeTests.swift */ = {isa = PBXFileReference; lastKnownFileType = sourcecode.swift; path = Word_SwipeTests.swift; sourceTree = "<group>"; };
		B100C88C2B6C154600B2D89B /* Word SwipeUITests.xctest */ = {isa = PBXFileReference; explicitFileType = wrapper.cfbundle; includeInIndex = 0; path = "Word SwipeUITests.xctest"; sourceTree = BUILT_PRODUCTS_DIR; };
		B100C8902B6C154600B2D89B /* Word_SwipeUITests.swift */ = {isa = PBXFileReference; lastKnownFileType = sourcecode.swift; path = Word_SwipeUITests.swift; sourceTree = "<group>"; };
		B100C8922B6C154600B2D89B /* Word_SwipeUITestsLaunchTests.swift */ = {isa = PBXFileReference; lastKnownFileType = sourcecode.swift; path = Word_SwipeUITestsLaunchTests.swift; sourceTree = "<group>"; };
/* End PBXFileReference section */

/* Begin PBXFrameworksBuildPhase section */
		B100C86E2B6C154500B2D89B /* Frameworks */ = {
			isa = PBXFrameworksBuildPhase;
			buildActionMask = 2147483647;
			files = (
			);
			runOnlyForDeploymentPostprocessing = 0;
		};
		B100C87F2B6C154600B2D89B /* Frameworks */ = {
			isa = PBXFrameworksBuildPhase;
			buildActionMask = 2147483647;
			files = (
			);
			runOnlyForDeploymentPostprocessing = 0;
		};
		B100C8892B6C154600B2D89B /* Frameworks */ = {
			isa = PBXFrameworksBuildPhase;
			buildActionMask = 2147483647;
			files = (
			);
			runOnlyForDeploymentPostprocessing = 0;
		};
/* End PBXFrameworksBuildPhase section */

/* Begin PBXGroup section */
		B100C8682B6C154500B2D89B = {
			isa = PBXGroup;
			children = (
				B100C8732B6C154500B2D89B /* Word Swipe */,
				B100C8852B6C154600B2D89B /* Word SwipeTests */,
				B100C88F2B6C154600B2D89B /* Word SwipeUITests */,
				B100C8722B6C154500B2D89B /* Products */,
			);
			sourceTree = "<group>";
		};
		B100C8722B6C154500B2D89B /* Products */ = {
			isa = PBXGroup;
			children = (
				B100C8712B6C154500B2D89B /* Word Swipe.app */,
				B100C8822B6C154600B2D89B /* Word SwipeTests.xctest */,
				B100C88C2B6C154600B2D89B /* Word SwipeUITests.xctest */,
			);
			name = Products;
			sourceTree = "<group>";
		};
		B100C8732B6C154500B2D89B /* Word Swipe */ = {
			isa = PBXGroup;
			children = (
				B100C8742B6C154500B2D89B /* Word_SwipeApp.swift */,
				B100C8762B6C154500B2D89B /* ContentView.swift */,
				B100C8782B6C154600B2D89B /* Assets.xcassets */,
				B100C87A2B6C154600B2D89B /* Word_Swipe.entitlements */,
				B100C87B2B6C154600B2D89B /* Preview Content */,
			);
			path = "Word Swipe";
			sourceTree = "<group>";
		};
		B100C87B2B6C154600B2D89B /* Preview Content */ = {
			isa = PBXGroup;
			children = (
				B100C87C2B6C154600B2D89B /* Preview Assets.xcassets */,
			);
			path = "Preview Content";
			sourceTree = "<group>";
		};
		B100C8852B6C154600B2D89B /* Word SwipeTests */ = {
			isa = PBXGroup;
			children = (
				B100C8862B6C154600B2D89B /* Word_SwipeTests.swift */,
			);
			path = "Word SwipeTests";
			sourceTree = "<group>";
		};
		B100C88F2B6C154600B2D89B /* Word SwipeUITests */ = {
			isa = PBXGroup;
			children = (
				B100C8902B6C154600B2D89B /* Word_SwipeUITests.swift */,
				B100C8922B6C154600B2D89B /* Word_SwipeUITestsLaunchTests.swift */,
			);
			path = "Word SwipeUITests";
			sourceTree = "<group>";
		};
/* End PBXGroup section */

/* Begin PBXNativeTarget section */
		B100C8702B6C154500B2D89B /* Word Swipe */ = {
			isa = PBXNativeTarget;
			buildConfigurationList = B100C8962B6C154600B2D89B /* Build configuration list for PBXNativeTarget "Word Swipe" */;
			buildPhases = (
				B100C86D2B6C154500B2D89B /* Sources */,
				B100C86E2B6C154500B2D89B /* Frameworks */,
				B100C86F2B6C154500B2D89B /* Resources */,
			);
			buildRules = (
			);
			dependencies = (
			);
			name = "Word Swipe";
			productName = "Word Swipe";
			productReference = B100C8712B6C154500B2D89B /* Word Swipe.app */;
			productType = "com.apple.product-type.application";
		};
		B100C8812B6C154600B2D89B /* Word SwipeTests */ = {
			isa = PBXNativeTarget;
			buildConfigurationList = B100C8992B6C154600B2D89B /* Build configuration list for PBXNativeTarget "Word SwipeTests" */;
			buildPhases = (
				B100C87E2B6C154600B2D89B /* Sources */,
				B100C87F2B6C154600B2D89B /* Frameworks */,
				B100C8802B6C154600B2D89B /* Resources */,
			);
			buildRules = (
			);
			dependencies = (
				B100C8842B6C154600B2D89B /* PBXTargetDependency */,
			);
			name = "Word SwipeTests";
			productName = "Word SwipeTests";
			productReference = B100C8822B6C154600B2D89B /* Word SwipeTests.xctest */;
			productType = "com.apple.product-type.bundle.unit-test";
		};
		B100C88B2B6C154600B2D89B /* Word SwipeUITests */ = {
			isa = PBXNativeTarget;
			buildConfigurationList = B100C89C2B6C154600B2D89B /* Build configuration list for PBXNativeTarget "Word SwipeUITests" */;
			buildPhases = (
				B100C8882B6C154600B2D89B /* Sources */,
				B100C8892B6C154600B2D89B /* Frameworks */,
				B100C88A2B6C154600B2D89B /* Resources */,
			);
			buildRules = (
			);
			dependencies = (
				B100C88E2B6C154600B2D89B /* PBXTargetDependency */,
			);
			name = "Word SwipeUITests";
			productName = "Word SwipeUITests";
			productReference = B100C88C2B6C154600B2D89B /* Word SwipeUITests.xctest */;
			productType = "com.apple.product-type.bundle.ui-testing";
		};
/* End PBXNativeTarget section */

/* Begin PBXProject section */
		B100C8692B6C154500B2D89B /* Project object */ = {
			isa = PBXProject;
			attributes = {
				BuildIndependentTargetsInParallel = 1;
				LastSwiftUpdateCheck = 1520;
				LastUpgradeCheck = 1520;
				TargetAttributes = {
					B100C8702B6C154500B2D89B = {
						CreatedOnToolsVersion = 15.2;
					};
					B100C8812B6C154600B2D89B = {
						CreatedOnToolsVersion = 15.2;
						TestTargetID = B100C8702B6C154500B2D89B;
					};
					B100C88B2B6C154600B2D89B = {
						CreatedOnToolsVersion = 15.2;
						TestTargetID = B100C8702B6C154500B2D89B;
					};
				};
			};
			buildConfigurationList = B100C86C2B6C154500B2D89B /* Build configuration list for PBXProject "Word Swipe" */;
			compatibilityVersion = "Xcode 14.0";
			developmentRegion = en;
			hasScannedForEncodings = 0;
			knownRegions = (
				en,
				Base,
			);
			mainGroup = B100C8682B6C154500B2D89B;
			productRefGroup = B100C8722B6C154500B2D89B /* Products */;
			projectDirPath = "";
			projectRoot = "";
			targets = (
				B100C8702B6C154500B2D89B /* Word Swipe */,
				B100C8812B6C154600B2D89B /* Word SwipeTests */,
				B100C88B2B6C154600B2D89B /* Word SwipeUITests */,
			);
		};
/* End PBXProject section */

/* Begin PBXResourcesBuildPhase section */
		B100C86F2B6C154500B2D89B /* Resources */ = {
			isa = PBXResourcesBuildPhase;
			buildActionMask = 2147483647;
			files = (
				B100C87D2B6C154600B2D89B /* Preview Assets.xcassets in Resources */,
				B100C8792B6C154600B2D89B /* Assets.xcassets in Resources */,
			);
			runOnlyForDeploymentPostprocessing = 0;
		};
		B100C8802B6C154600B2D89B /* Resources */ = {
			isa = PBXResourcesBuildPhase;
			buildActionMask = 2147483647;
			files = (
			);
			runOnlyForDeploymentPostprocessing = 0;
		};
		B100C88A2B6C154600B2D89B /* Resources */ = {
			isa = PBXResourcesBuildPhase;
			buildActionMask = 2147483647;
			files = (
			);
			runOnlyForDeploymentPostprocessing = 0;
		};
/* End PBXResourcesBuildPhase section */

/* Begin PBXSourcesBuildPhase section */
		B100C86D2B6C154500B2D89B /* Sources */ = {
			isa = PBXSourcesBuildPhase;
			buildActionMask = 2147483647;
			files = (
				B100C8772B6C154500B2D89B /* ContentView.swift in Sources */,
				B100C8752B6C154500B2D89B /* Word_SwipeApp.swift in Sources */,
			);
			runOnlyForDeploymentPostprocessing = 0;
		};
		B100C87E2B6C154600B2D89B /* Sources */ = {
			isa = PBXSourcesBuildPhase;
			buildActionMask = 2147483647;
			files = (
				B100C8872B6C154600B2D89B /* Word_SwipeTests.swift in Sources */,
			);
			runOnlyForDeploymentPostprocessing = 0;
		};
		B100C8882B6C154600B2D89B /* Sources */ = {
			isa = PBXSourcesBuildPhase;
			buildActionMask = 2147483647;
			files = (
				B100C8912B6C154600B2D89B /* Word_SwipeUITests.swift in Sources */,
				B100C8932B6C154600B2D89B /* Word_SwipeUITestsLaunchTests.swift in Sources */,
			);
			runOnlyForDeploymentPostprocessing = 0;
		};
/* End PBXSourcesBuildPhase section */

/* Begin PBXTargetDependency section */
		B100C8842B6C154600B2D89B /* PBXTargetDependency */ = {
			isa = PBXTargetDependency;
			target = B100C8702B6C154500B2D89B /* Word Swipe */;
			targetProxy = B100C8832B6C154600B2D89B /* PBXContainerItemProxy */;
		};
		B100C88E2B6C154600B2D89B /* PBXTargetDependency */ = {
			isa = PBXTargetDependency;
			target = B100C8702B6C154500B2D89B /* Word Swipe */;
			targetProxy = B100C88D2B6C154600B2D89B /* PBXContainerItemProxy */;
		};
/* End PBXTargetDependency section */

/* Begin XCBuildConfiguration section */
		B100C8942B6C154600B2D89B /* Debug */ = {
			isa = XCBuildConfiguration;
			buildSettings = {
				ALWAYS_SEARCH_USER_PATHS = NO;
				ASSETCATALOG_COMPILER_GENERATE_SWIFT_ASSET_SYMBOL_EXTENSIONS = YES;
				CLANG_ANALYZER_NONNULL = YES;
				CLANG_ANALYZER_NUMBER_OBJECT_CONVERSION = YES_AGGRESSIVE;
				CLANG_CXX_LANGUAGE_STANDARD = "gnu++20";
				CLANG_ENABLE_MODULES = YES;
				CLANG_ENABLE_OBJC_ARC = YES;
				CLANG_ENABLE_OBJC_WEAK = YES;
				CLANG_WARN_BLOCK_CAPTURE_AUTORELEASING = YES;
				CLANG_WARN_BOOL_CONVERSION = YES;
				CLANG_WARN_COMMA = YES;
				CLANG_WARN_CONSTANT_CONVERSION = YES;
				CLANG_WARN_DEPRECATED_OBJC_IMPLEMENTATIONS = YES;
				CLANG_WARN_DIRECT_OBJC_ISA_USAGE = YES_ERROR;
				CLANG_WARN_DOCUMENTATION_COMMENTS = YES;
				CLANG_WARN_EMPTY_BODY = YES;
				CLANG_WARN_ENUM_CONVERSION = YES;
				CLANG_WARN_INFINITE_RECURSION = YES;
				CLANG_WARN_INT_CONVERSION = YES;
				CLANG_WARN_NON_LITERAL_NULL_CONVERSION = YES;
				CLANG_WARN_OBJC_IMPLICIT_RETAIN_SELF = YES;
				CLANG_WARN_OBJC_LITERAL_CONVERSION = YES;
				CLANG_WARN_OBJC_ROOT_CLASS = YES_ERROR;
				CLANG_WARN_QUOTED_INCLUDE_IN_FRAMEWORK_HEADER = YES;
				CLANG_WARN_RANGE_LOOP_ANALYSIS = YES;
				CLANG_WARN_STRICT_PROTOTYPES = YES;
				CLANG_WARN_SUSPICIOUS_MOVE = YES;
				CLANG_WARN_UNGUARDED_AVAILABILITY = YES_AGGRESSIVE;
				CLANG_WARN_UNREACHABLE_CODE = YES;
				CLANG_WARN__DUPLICATE_METHOD_MATCH = YES;
				COPY_PHASE_STRIP = NO;
				DEBUG_INFORMATION_FORMAT = dwarf;
				ENABLE_STRICT_OBJC_MSGSEND = YES;
				ENABLE_TESTABILITY = YES;
				ENABLE_USER_SCRIPT_SANDBOXING = YES;
				GCC_C_LANGUAGE_STANDARD = gnu17;
				GCC_DYNAMIC_NO_PIC = NO;
				GCC_NO_COMMON_BLOCKS = YES;
				GCC_OPTIMIZATION_LEVEL = 0;
				GCC_PREPROCESSOR_DEFINITIONS = (
					"DEBUG=1",
					"$(inherited)",
				);
				GCC_WARN_64_TO_32_BIT_CONVERSION = YES;
				GCC_WARN_ABOUT_RETURN_TYPE = YES_ERROR;
				GCC_WARN_UNDECLARED_SELECTOR = YES;
				GCC_WARN_UNINITIALIZED_AUTOS = YES_AGGRESSIVE;
				GCC_WARN_UNUSED_FUNCTION = YES;
				GCC_WARN_UNUSED_VARIABLE = YES;
				LOCALIZATION_PREFERS_STRING_CATALOGS = YES;
				MTL_ENABLE_DEBUG_INFO = INCLUDE_SOURCE;
				MTL_FAST_MATH = YES;
				ONLY_ACTIVE_ARCH = YES;
				SWIFT_ACTIVE_COMPILATION_CONDITIONS = "DEBUG $(inherited)";
				SWIFT_OPTIMIZATION_LEVEL = "-Onone";
			};
			name = Debug;
		};
		B100C8952B6C154600B2D89B /* Release */ = {
			isa = XCBuildConfiguration;
			buildSettings = {
				ALWAYS_SEARCH_USER_PATHS = NO;
				ASSETCATALOG_COMPILER_GENERATE_SWIFT_ASSET_SYMBOL_EXTENSIONS = YES;
				CLANG_ANALYZER_NONNULL = YES;
				CLANG_ANALYZER_NUMBER_OBJECT_CONVERSION = YES_AGGRESSIVE;
				CLANG_CXX_LANGUAGE_STANDARD = "gnu++20";
				CLANG_ENABLE_MODULES = YES;
				CLANG_ENABLE_OBJC_ARC = YES;
				CLANG_ENABLE_OBJC_WEAK = YES;
				CLANG_WARN_BLOCK_CAPTURE_AUTORELEASING = YES;
				CLANG_WARN_BOOL_CONVERSION = YES;
				CLANG_WARN_COMMA = YES;
				CLANG_WARN_CONSTANT_CONVERSION = YES;
				CLANG_WARN_DEPRECATED_OBJC_IMPLEMENTATIONS = YES;
				CLANG_WARN_DIRECT_OBJC_ISA_USAGE = YES_ERROR;
				CLANG_WARN_DOCUMENTATION_COMMENTS = YES;
				CLANG_WARN_EMPTY_BODY = YES;
				CLANG_WARN_ENUM_CONVERSION = YES;
				CLANG_WARN_INFINITE_RECURSION = YES;
				CLANG_WARN_INT_CONVERSION = YES;
				CLANG_WARN_NON_LITERAL_NULL_CONVERSION = YES;
				CLANG_WARN_OBJC_IMPLICIT_RETAIN_SELF = YES;
				CLANG_WARN_OBJC_LITERAL_CONVERSION = YES;
				CLANG_WARN_OBJC_ROOT_CLASS = YES_ERROR;
				CLANG_WARN_QUOTED_INCLUDE_IN_FRAMEWORK_HEADER = YES;
				CLANG_WARN_RANGE_LOOP_ANALYSIS = YES;
				CLANG_WARN_STRICT_PROTOTYPES = YES;
				CLANG_WARN_SUSPICIOUS_MOVE = YES;
				CLANG_WARN_UNGUARDED_AVAILABILITY = YES_AGGRESSIVE;
				CLANG_WARN_UNREACHABLE_CODE = YES;
				CLANG_WARN__DUPLICATE_METHOD_MATCH = YES;
				COPY_PHASE_STRIP = NO;
				DEBUG_INFORMATION_FORMAT = "dwarf-with-dsym";
				ENABLE_NS_ASSERTIONS = NO;
				ENABLE_STRICT_OBJC_MSGSEND = YES;
				ENABLE_USER_SCRIPT_SANDBOXING = YES;
				GCC_C_LANGUAGE_STANDARD = gnu17;
				GCC_NO_COMMON_BLOCKS = YES;
				GCC_WARN_64_TO_32_BIT_CONVERSION = YES;
				GCC_WARN_ABOUT_RETURN_TYPE = YES_ERROR;
				GCC_WARN_UNDECLARED_SELECTOR = YES;
				GCC_WARN_UNINITIALIZED_AUTOS = YES_AGGRESSIVE;
				GCC_WARN_UNUSED_FUNCTION = YES;
				GCC_WARN_UNUSED_VARIABLE = YES;
				LOCALIZATION_PREFERS_STRING_CATALOGS = YES;
				MTL_ENABLE_DEBUG_INFO = NO;
				MTL_FAST_MATH = YES;
				SWIFT_COMPILATION_MODE = wholemodule;
			};
			name = Release;
		};
		B100C8972B6C154600B2D89B /* Debug */ = {
			isa = XCBuildConfiguration;
			buildSettings = {
				ASSETCATALOG_COMPILER_APPICON_NAME = AppIcon;
				ASSETCATALOG_COMPILER_GLOBAL_ACCENT_COLOR_NAME = AccentColor;
				CODE_SIGN_ENTITLEMENTS = "Word Swipe/Word_Swipe.entitlements";
				CODE_SIGN_STYLE = Automatic;
				CURRENT_PROJECT_VERSION = 1;
				DEVELOPMENT_ASSET_PATHS = "\"Word Swipe/Preview Content\"";
				ENABLE_PREVIEWS = YES;
				GENERATE_INFOPLIST_FILE = YES;
				"INFOPLIST_KEY_UIApplicationSceneManifest_Generation[sdk=iphoneos*]" = YES;
				"INFOPLIST_KEY_UIApplicationSceneManifest_Generation[sdk=iphonesimulator*]" = YES;
				"INFOPLIST_KEY_UIApplicationSupportsIndirectInputEvents[sdk=iphoneos*]" = YES;
				"INFOPLIST_KEY_UIApplicationSupportsIndirectInputEvents[sdk=iphonesimulator*]" = YES;
				"INFOPLIST_KEY_UILaunchScreen_Generation[sdk=iphoneos*]" = YES;
				"INFOPLIST_KEY_UILaunchScreen_Generation[sdk=iphonesimulator*]" = YES;
				"INFOPLIST_KEY_UIStatusBarStyle[sdk=iphoneos*]" = UIStatusBarStyleDefault;
				"INFOPLIST_KEY_UIStatusBarStyle[sdk=iphonesimulator*]" = UIStatusBarStyleDefault;
				INFOPLIST_KEY_UISupportedInterfaceOrientations_iPad = "UIInterfaceOrientationPortrait UIInterfaceOrientationPortraitUpsideDown UIInterfaceOrientationLandscapeLeft UIInterfaceOrientationLandscapeRight";
				INFOPLIST_KEY_UISupportedInterfaceOrientations_iPhone = "UIInterfaceOrientationPortrait UIInterfaceOrientationLandscapeLeft UIInterfaceOrientationLandscapeRight";
				IPHONEOS_DEPLOYMENT_TARGET = 17.2;
				LD_RUNPATH_SEARCH_PATHS = "@executable_path/Frameworks";
				"LD_RUNPATH_SEARCH_PATHS[sdk=macosx*]" = "@executable_path/../Frameworks";
				MACOSX_DEPLOYMENT_TARGET = 14.2;
				MARKETING_VERSION = 1.0;
				PRODUCT_BUNDLE_IDENTIFIER = "Thomas.Word-Swipe";
				PRODUCT_NAME = "$(TARGET_NAME)";
				SDKROOT = auto;
				SUPPORTED_PLATFORMS = "iphoneos iphonesimulator macosx";
				SWIFT_EMIT_LOC_STRINGS = YES;
				SWIFT_VERSION = 5.0;
				TARGETED_DEVICE_FAMILY = "1,2";
			};
			name = Debug;
		};
		B100C8982B6C154600B2D89B /* Release */ = {
			isa = XCBuildConfiguration;
			buildSettings = {
				ASSETCATALOG_COMPILER_APPICON_NAME = AppIcon;
				ASSETCATALOG_COMPILER_GLOBAL_ACCENT_COLOR_NAME = AccentColor;
				CODE_SIGN_ENTITLEMENTS = "Word Swipe/Word_Swipe.entitlements";
				CODE_SIGN_STYLE = Automatic;
				CURRENT_PROJECT_VERSION = 1;
				DEVELOPMENT_ASSET_PATHS = "\"Word Swipe/Preview Content\"";
				ENABLE_PREVIEWS = YES;
				GENERATE_INFOPLIST_FILE = YES;
				"INFOPLIST_KEY_UIApplicationSceneManifest_Generation[sdk=iphoneos*]" = YES;
				"INFOPLIST_KEY_UIApplicationSceneManifest_Generation[sdk=iphonesimulator*]" = YES;
				"INFOPLIST_KEY_UIApplicationSupportsIndirectInputEvents[sdk=iphoneos*]" = YES;
				"INFOPLIST_KEY_UIApplicationSupportsIndirectInputEvents[sdk=iphonesimulator*]" = YES;
				"INFOPLIST_KEY_UILaunchScreen_Generation[sdk=iphoneos*]" = YES;
				"INFOPLIST_KEY_UILaunchScreen_Generation[sdk=iphonesimulator*]" = YES;
				"INFOPLIST_KEY_UIStatusBarStyle[sdk=iphoneos*]" = UIStatusBarStyleDefault;
				"INFOPLIST_KEY_UIStatusBarStyle[sdk=iphonesimulator*]" = UIStatusBarStyleDefault;
				INFOPLIST_KEY_UISupportedInterfaceOrientations_iPad = "UIInterfaceOrientationPortrait UIInterfaceOrientationPortraitUpsideDown UIInterfaceOrientationLandscapeLeft UIInterfaceOrientationLandscapeRight";
				INFOPLIST_KEY_UISupportedInterfaceOrientations_iPhone = "UIInterfaceOrientationPortrait UIInterfaceOrientationLandscapeLeft UIInterfaceOrientationLandscapeRight";
				IPHONEOS_DEPLOYMENT_TARGET = 17.2;
				LD_RUNPATH_SEARCH_PATHS = "@executable_path/Frameworks";
				"LD_RUNPATH_SEARCH_PATHS[sdk=macosx*]" = "@executable_path/../Frameworks";
				MACOSX_DEPLOYMENT_TARGET = 14.2;
				MARKETING_VERSION = 1.0;
				PRODUCT_BUNDLE_IDENTIFIER = "Thomas.Word-Swipe";
				PRODUCT_NAME = "$(TARGET_NAME)";
				SDKROOT = auto;
				SUPPORTED_PLATFORMS = "iphoneos iphonesimulator macosx";
				SWIFT_EMIT_LOC_STRINGS = YES;
				SWIFT_VERSION = 5.0;
				TARGETED_DEVICE_FAMILY = "1,2";
			};
			name = Release;
		};
		B100C89A2B6C154600B2D89B /* Debug */ = {
			isa = XCBuildConfiguration;
			buildSettings = {
				ALWAYS_EMBED_SWIFT_STANDARD_LIBRARIES = YES;
				BUNDLE_LOADER = "$(TEST_HOST)";
				CODE_SIGN_STYLE = Automatic;
				CURRENT_PROJECT_VERSION = 1;
				GENERATE_INFOPLIST_FILE = YES;
				IPHONEOS_DEPLOYMENT_TARGET = 17.2;
				MACOSX_DEPLOYMENT_TARGET = 14.2;
				MARKETING_VERSION = 1.0;
				PRODUCT_BUNDLE_IDENTIFIER = "Thomas.Word-SwipeTests";
				PRODUCT_NAME = "$(TARGET_NAME)";
				SDKROOT = auto;
				SUPPORTED_PLATFORMS = "iphoneos iphonesimulator macosx";
				SWIFT_EMIT_LOC_STRINGS = NO;
				SWIFT_VERSION = 5.0;
				TARGETED_DEVICE_FAMILY = "1,2";
				TEST_HOST = "$(BUILT_PRODUCTS_DIR)/Word Swipe.app/$(BUNDLE_EXECUTABLE_FOLDER_PATH)/Word Swipe";
			};
			name = Debug;
		};
		B100C89B2B6C154600B2D89B /* Release */ = {
			isa = XCBuildConfiguration;
			buildSettings = {
				ALWAYS_EMBED_SWIFT_STANDARD_LIBRARIES = YES;
				BUNDLE_LOADER = "$(TEST_HOST)";
				CODE_SIGN_STYLE = Automatic;
				CURRENT_PROJECT_VERSION = 1;
				GENERATE_INFOPLIST_FILE = YES;
				IPHONEOS_DEPLOYMENT_TARGET = 17.2;
				MACOSX_DEPLOYMENT_TARGET = 14.2;
				MARKETING_VERSION = 1.0;
				PRODUCT_BUNDLE_IDENTIFIER = "Thomas.Word-SwipeTests";
				PRODUCT_NAME = "$(TARGET_NAME)";
				SDKROOT = auto;
				SUPPORTED_PLATFORMS = "iphoneos iphonesimulator macosx";
				SWIFT_EMIT_LOC_STRINGS = NO;
				SWIFT_VERSION = 5.0;
				TARGETED_DEVICE_FAMILY = "1,2";
				TEST_HOST = "$(BUILT_PRODUCTS_DIR)/Word Swipe.app/$(BUNDLE_EXECUTABLE_FOLDER_PATH)/Word Swipe";
			};
			name = Release;
		};
		B100C89D2B6C154600B2D89B /* Debug */ = {
			isa = XCBuildConfiguration;
			buildSettings = {
				ALWAYS_EMBED_SWIFT_STANDARD_LIBRARIES = YES;
				CODE_SIGN_STYLE = Automatic;
				CURRENT_PROJECT_VERSION = 1;
				GENERATE_INFOPLIST_FILE = YES;
				IPHONEOS_DEPLOYMENT_TARGET = 17.2;
				MACOSX_DEPLOYMENT_TARGET = 14.2;
				MARKETING_VERSION = 1.0;
				PRODUCT_BUNDLE_IDENTIFIER = "Thomas.Word-SwipeUITests";
				PRODUCT_NAME = "$(TARGET_NAME)";
				SDKROOT = auto;
				SUPPORTED_PLATFORMS = "iphoneos iphonesimulator macosx";
				SWIFT_EMIT_LOC_STRINGS = NO;
				SWIFT_VERSION = 5.0;
				TARGETED_DEVICE_FAMILY = "1,2";
				TEST_TARGET_NAME = "Word Swipe";
			};
			name = Debug;
		};
		B100C89E2B6C154600B2D89B /* Release */ = {
			isa = XCBuildConfiguration;
			buildSettings = {
				ALWAYS_EMBED_SWIFT_STANDARD_LIBRARIES = YES;
				CODE_SIGN_STYLE = Automatic;
				CURRENT_PROJECT_VERSION = 1;
				GENERATE_INFOPLIST_FILE = YES;
				IPHONEOS_DEPLOYMENT_TARGET = 17.2;
				MACOSX_DEPLOYMENT_TARGET = 14.2;
				MARKETING_VERSION = 1.0;
				PRODUCT_BUNDLE_IDENTIFIER = "Thomas.Word-SwipeUITests";
				PRODUCT_NAME = "$(TARGET_NAME)";
				SDKROOT = auto;
				SUPPORTED_PLATFORMS = "iphoneos iphonesimulator macosx";
				SWIFT_EMIT_LOC_STRINGS = NO;
				SWIFT_VERSION = 5.0;
				TARGETED_DEVICE_FAMILY = "1,2";
				TEST_TARGET_NAME = "Word Swipe";
			};
			name = Release;
		};
/* End XCBuildConfiguration section */

/* Begin XCConfigurationList section */
		B100C86C2B6C154500B2D89B /* Build configuration list for PBXProject "Word Swipe" */ = {
			isa = XCConfigurationList;
			buildConfigurations = (
				B100C8942B6C154600B2D89B /* Debug */,
				B100C8952B6C154600B2D89B /* Release */,
			);
			defaultConfigurationIsVisible = 0;
			defaultConfigurationName = Release;
		};
		B100C8962B6C154600B2D89B /* Build configuration list for PBXNativeTarget "Word Swipe" */ = {
			isa = XCConfigurationList;
			buildConfigurations = (
				B100C8972B6C154600B2D89B /* Debug */,
				B100C8982B6C154600B2D89B /* Release */,
			);
			defaultConfigurationIsVisible = 0;
			defaultConfigurationName = Release;
		};
		B100C8992B6C154600B2D89B /* Build configuration list for PBXNativeTarget "Word SwipeTests" */ = {
			isa = XCConfigurationList;
			buildConfigurations = (
				B100C89A2B6C154600B2D89B /* Debug */,
				B100C89B2B6C154600B2D89B /* Release */,
			);
			defaultConfigurationIsVisible = 0;
			defaultConfigurationName = Release;
		};
		B100C89C2B6C154600B2D89B /* Build configuration list for PBXNativeTarget "Word SwipeUITests" */ = {
			isa = XCConfigurationList;
			buildConfigurations = (
				B100C89D2B6C154600B2D89B /* Debug */,
				B100C89E2B6C154600B2D89B /* Release */,
			);
			defaultConfigurationIsVisible = 0;
			defaultConfigurationName = Release;
		};
/* End XCConfigurationList section */
	};
	rootObject = B100C8692B6C154500B2D89B /* Project object */;
}
